
Microsoft Visual Studio Solution File, Format Version 12.00
# Visual Studio 15
VisualStudioVersion = 15.0.26430.6
MinimumVisualStudioVersion = 10.0.40219.1
Project("{FAE04EC0-301F-11D3-BF4B-00C04F79EFBC}") = "MTMobile", "Mobile\MTMobile\MTMobile\MTMobile.csproj", "{B5BB8CA6-0EC8-4777-83F9-E2546B7760B3}"
EndProject
Project("{FAE04EC0-301F-11D3-BF4B-00C04F79EFBC}") = "MTMobile.Droid", "Mobile\MTMobile\MTMobile.Droid\MTMobile.Droid.csproj", "{2F384410-4889-4470-B7CF-8153992D7EF4}"
EndProject
Project("{FAE04EC0-301F-11D3-BF4B-00C04F79EFBC}") = "MTMobile.iOS", "Mobile\MTMobile\MTMobile.iOS\MTMobile.iOS.csproj", "{A1584022-1496-4DEE-9BA9-010A8C536CDD}"
EndProject
Global
	GlobalSection(SolutionConfigurationPlatforms) = preSolution
		Ad-Hoc|Any CPU = Ad-Hoc|Any CPU
		Ad-Hoc|iPhone = Ad-Hoc|iPhone
		Ad-Hoc|iPhoneSimulator = Ad-Hoc|iPhoneSimulator
		AppStore|Any CPU = AppStore|Any CPU
		AppStore|iPhone = AppStore|iPhone
		AppStore|iPhoneSimulator = AppStore|iPhoneSimulator
		Debug|Any CPU = Debug|Any CPU
		Debug|iPhone = Debug|iPhone
		Debug|iPhoneSimulator = Debug|iPhoneSimulator
		Release|Any CPU = Release|Any CPU
		Release|iPhone = Release|iPhone
		Release|iPhoneSimulator = Release|iPhoneSimulator
	EndGlobalSection
	GlobalSection(ProjectConfigurationPlatforms) = postSolution
		{B5BB8CA6-0EC8-4777-83F9-E2546B7760B3}.Ad-Hoc|Any CPU.ActiveCfg = Release|Any CPU
		{B5BB8CA6-0EC8-4777-83F9-E2546B7760B3}.Ad-Hoc|Any CPU.Build.0 = Release|Any CPU
		{B5BB8CA6-0EC8-4777-83F9-E2546B7760B3}.Ad-Hoc|iPhone.ActiveCfg = Release|Any CPU
		{B5BB8CA6-0EC8-4777-83F9-E2546B7760B3}.Ad-Hoc|iPhone.Build.0 = Release|Any CPU
		{B5BB8CA6-0EC8-4777-83F9-E2546B7760B3}.Ad-Hoc|iPhoneSimulator.ActiveCfg = Release|Any CPU
		{B5BB8CA6-0EC8-4777-83F9-E2546B7760B3}.Ad-Hoc|iPhoneSimulator.Build.0 = Release|Any CPU
		{B5BB8CA6-0EC8-4777-83F9-E2546B7760B3}.AppStore|Any CPU.ActiveCfg = Release|Any CPU
		{B5BB8CA6-0EC8-4777-83F9-E2546B7760B3}.AppStore|Any CPU.Build.0 = Release|Any CPU
		{B5BB8CA6-0EC8-4777-83F9-E2546B7760B3}.AppStore|iPhone.ActiveCfg = Release|Any CPU
		{B5BB8CA6-0EC8-4777-83F9-E2546B7760B3}.AppStore|iPhone.Build.0 = Release|Any CPU
		{B5BB8CA6-0EC8-4777-83F9-E2546B7760B3}.AppStore|iPhoneSimulator.ActiveCfg = Release|Any CPU
		{B5BB8CA6-0EC8-4777-83F9-E2546B7760B3}.AppStore|iPhoneSimulator.Build.0 = Release|Any CPU
		{B5BB8CA6-0EC8-4777-83F9-E2546B7760B3}.Debug|Any CPU.ActiveCfg = Debug|Any CPU
		{B5BB8CA6-0EC8-4777-83F9-E2546B7760B3}.Debug|Any CPU.Build.0 = Debug|Any CPU
		{B5BB8CA6-0EC8-4777-83F9-E2546B7760B3}.Debug|iPhone.ActiveCfg = Debug|Any CPU
		{B5BB8CA6-0EC8-4777-83F9-E2546B7760B3}.Debug|iPhone.Build.0 = Debug|Any CPU
		{B5BB8CA6-0EC8-4777-83F9-E2546B7760B3}.Debug|iPhoneSimulator.ActiveCfg = Debug|Any CPU
		{B5BB8CA6-0EC8-4777-83F9-E2546B7760B3}.Debug|iPhoneSimulator.Build.0 = Debug|Any CPU
		{B5BB8CA6-0EC8-4777-83F9-E2546B7760B3}.Release|Any CPU.ActiveCfg = Release|Any CPU
		{B5BB8CA6-0EC8-4777-83F9-E2546B7760B3}.Release|Any CPU.Build.0 = Release|Any CPU
		{B5BB8CA6-0EC8-4777-83F9-E2546B7760B3}.Release|iPhone.ActiveCfg = Release|Any CPU
		{B5BB8CA6-0EC8-4777-83F9-E2546B7760B3}.Release|iPhone.Build.0 = Release|Any CPU
		{B5BB8CA6-0EC8-4777-83F9-E2546B7760B3}.Release|iPhoneSimulator.ActiveCfg = Release|Any CPU
		{B5BB8CA6-0EC8-4777-83F9-E2546B7760B3}.Release|iPhoneSimulator.Build.0 = Release|Any CPU
		{2F384410-4889-4470-B7CF-8153992D7EF4}.Ad-Hoc|Any CPU.ActiveCfg = Release|Any CPU
		{2F384410-4889-4470-B7CF-8153992D7EF4}.Ad-Hoc|Any CPU.Build.0 = Release|Any CPU
		{2F384410-4889-4470-B7CF-8153992D7EF4}.Ad-Hoc|Any CPU.Deploy.0 = Release|Any CPU
		{2F384410-4889-4470-B7CF-8153992D7EF4}.Ad-Hoc|iPhone.ActiveCfg = Release|Any CPU
		{2F384410-4889-4470-B7CF-8153992D7EF4}.Ad-Hoc|iPhone.Build.0 = Release|Any CPU
		{2F384410-4889-4470-B7CF-8153992D7EF4}.Ad-Hoc|iPhone.Deploy.0 = Release|Any CPU
		{2F384410-4889-4470-B7CF-8153992D7EF4}.Ad-Hoc|iPhoneSimulator.ActiveCfg = Release|Any CPU
		{2F384410-4889-4470-B7CF-8153992D7EF4}.Ad-Hoc|iPhoneSimulator.Build.0 = Release|Any CPU
		{2F384410-4889-4470-B7CF-8153992D7EF4}.Ad-Hoc|iPhoneSimulator.Deploy.0 = Release|Any CPU
		{2F384410-4889-4470-B7CF-8153992D7EF4}.AppStore|Any CPU.ActiveCfg = Release|Any CPU
		{2F384410-4889-4470-B7CF-8153992D7EF4}.AppStore|Any CPU.Build.0 = Release|Any CPU
		{2F384410-4889-4470-B7CF-8153992D7EF4}.AppStore|Any CPU.Deploy.0 = Release|Any CPU
		{2F384410-4889-4470-B7CF-8153992D7EF4}.AppStore|iPhone.ActiveCfg = Release|Any CPU
		{2F384410-4889-4470-B7CF-8153992D7EF4}.AppStore|iPhone.Build.0 = Release|Any CPU
		{2F384410-4889-4470-B7CF-8153992D7EF4}.AppStore|iPhone.Deploy.0 = Release|Any CPU
		{2F384410-4889-4470-B7CF-8153992D7EF4}.AppStore|iPhoneSimulator.ActiveCfg = Release|Any CPU
		{2F384410-4889-4470-B7CF-8153992D7EF4}.AppStore|iPhoneSimulator.Build.0 = Release|Any CPU
		{2F384410-4889-4470-B7CF-8153992D7EF4}.AppStore|iPhoneSimulator.Deploy.0 = Release|Any CPU
		{2F384410-4889-4470-B7CF-8153992D7EF4}.Debug|Any CPU.ActiveCfg = Debug|Any CPU
		{2F384410-4889-4470-B7CF-8153992D7EF4}.Debug|Any CPU.Build.0 = Debug|Any CPU
		{2F384410-4889-4470-B7CF-8153992D7EF4}.Debug|Any CPU.Deploy.0 = Debug|Any CPU
		{2F384410-4889-4470-B7CF-8153992D7EF4}.Debug|iPhone.ActiveCfg = Debug|Any CPU
		{2F384410-4889-4470-B7CF-8153992D7EF4}.Debug|iPhone.Build.0 = Debug|Any CPU
		{2F384410-4889-4470-B7CF-8153992D7EF4}.Debug|iPhone.Deploy.0 = Debug|Any CPU
		{2F384410-4889-4470-B7CF-8153992D7EF4}.Debug|iPhoneSimulator.ActiveCfg = Debug|Any CPU
		{2F384410-4889-4470-B7CF-8153992D7EF4}.Debug|iPhoneSimulator.Build.0 = Debug|Any CPU
		{2F384410-4889-4470-B7CF-8153992D7EF4}.Debug|iPhoneSimulator.Deploy.0 = Debug|Any CPU
		{2F384410-4889-4470-B7CF-8153992D7EF4}.Release|Any CPU.ActiveCfg = Release|Any CPU
		{2F384410-4889-4470-B7CF-8153992D7EF4}.Release|Any CPU.Build.0 = Release|Any CPU
		{2F384410-4889-4470-B7CF-8153992D7EF4}.Release|Any CPU.Deploy.0 = Release|Any CPU
		{2F384410-4889-4470-B7CF-8153992D7EF4}.Release|iPhone.ActiveCfg = Release|Any CPU
		{2F384410-4889-4470-B7CF-8153992D7EF4}.Release|iPhone.Build.0 = Release|Any CPU
		{2F384410-4889-4470-B7CF-8153992D7EF4}.Release|iPhone.Deploy.0 = Release|Any CPU
		{2F384410-4889-4470-B7CF-8153992D7EF4}.Release|iPhoneSimulator.ActiveCfg = Release|Any CPU
		{2F384410-4889-4470-B7CF-8153992D7EF4}.Release|iPhoneSimulator.Build.0 = Release|Any CPU
		{2F384410-4889-4470-B7CF-8153992D7EF4}.Release|iPhoneSimulator.Deploy.0 = Release|Any CPU
		{A1584022-1496-4DEE-9BA9-010A8C536CDD}.Ad-Hoc|Any CPU.ActiveCfg = Ad-Hoc|iPhone
		{A1584022-1496-4DEE-9BA9-010A8C536CDD}.Ad-Hoc|iPhone.ActiveCfg = Ad-Hoc|iPhone
		{A1584022-1496-4DEE-9BA9-010A8C536CDD}.Ad-Hoc|iPhone.Build.0 = Ad-Hoc|iPhone
		{A1584022-1496-4DEE-9BA9-010A8C536CDD}.Ad-Hoc|iPhoneSimulator.ActiveCfg = Ad-Hoc|iPhoneSimulator
		{A1584022-1496-4DEE-9BA9-010A8C536CDD}.Ad-Hoc|iPhoneSimulator.Build.0 = Ad-Hoc|iPhoneSimulator
		{A1584022-1496-4DEE-9BA9-010A8C536CDD}.AppStore|Any CPU.ActiveCfg = AppStore|iPhone
		{A1584022-1496-4DEE-9BA9-010A8C536CDD}.AppStore|iPhone.ActiveCfg = AppStore|iPhone
		{A1584022-1496-4DEE-9BA9-010A8C536CDD}.AppStore|iPhone.Build.0 = AppStore|iPhone
		{A1584022-1496-4DEE-9BA9-010A8C536CDD}.AppStore|iPhoneSimulator.ActiveCfg = AppStore|iPhoneSimulator
		{A1584022-1496-4DEE-9BA9-010A8C536CDD}.AppStore|iPhoneSimulator.Build.0 = AppStore|iPhoneSimulator
		{A1584022-1496-4DEE-9BA9-010A8C536CDD}.Debug|Any CPU.ActiveCfg = Debug|iPhone
		{A1584022-1496-4DEE-9BA9-010A8C536CDD}.Debug|iPhone.ActiveCfg = Debug|iPhone
		{A1584022-1496-4DEE-9BA9-010A8C536CDD}.Debug|iPhone.Build.0 = Debug|iPhone
		{A1584022-1496-4DEE-9BA9-010A8C536CDD}.Debug|iPhoneSimulator.ActiveCfg = Debug|iPhoneSimulator
		{A1584022-1496-4DEE-9BA9-010A8C536CDD}.Debug|iPhoneSimulator.Build.0 = Debug|iPhoneSimulator
		{A1584022-1496-4DEE-9BA9-010A8C536CDD}.Release|Any CPU.ActiveCfg = Release|iPhone
		{A1584022-1496-4DEE-9BA9-010A8C536CDD}.Release|iPhone.ActiveCfg = Release|iPhone
		{A1584022-1496-4DEE-9BA9-010A8C536CDD}.Release|iPhone.Build.0 = Release|iPhone
		{A1584022-1496-4DEE-9BA9-010A8C536CDD}.Release|iPhoneSimulator.ActiveCfg = Release|iPhoneSimulator
		{A1584022-1496-4DEE-9BA9-010A8C536CDD}.Release|iPhoneSimulator.Build.0 = Release|iPhoneSimulator
	EndGlobalSection
	GlobalSection(SolutionProperties) = preSolution
		HideSolutionNode = FALSE
	EndGlobalSection
	GlobalSection(TeamFoundationVersionControl) = preSolution
		SccNumberOfProjects = 4
		SccEnterpriseProvider = {4CA58AB2-18FA-4F8D-95D4-32DDF27D184C}
		SccTeamFoundationServer = https://leonardosm.visualstudio.com/
		SccLocalPath0 = .
		SccProjectUniqueName1 = Mobile\\MTMobile\\MTMobile\\MTMobile.csproj
		SccProjectName1 = Mobile/MTMobile/MTMobile
		SccLocalPath1 = Mobile\\MTMobile\\MTMobile
		SccProjectUniqueName2 = Mobile\\MTMobile\\MTMobile.Droid\\MTMobile.Droid.csproj
		SccProjectName2 = Mobile/MTMobile/MTMobile.Droid
		SccLocalPath2 = Mobile\\MTMobile\\MTMobile.Droid
		SccProjectUniqueName3 = Mobile\\MTMobile\\MTMobile.iOS\\MTMobile.iOS.csproj
		SccProjectName3 = Mobile/MTMobile/MTMobile.iOS
		SccLocalPath3 = Mobile\\MTMobile\\MTMobile.iOS
	EndGlobalSection
EndGlobal
