
Microsoft Visual Studio Solution File, Format Version 12.00
# Visual Studio 15
VisualStudioVersion = 15.0.26430.6
MinimumVisualStudioVersion = 10.0.40219.1
Project("{FAE04EC0-301F-11D3-BF4B-00C04F79EFBC}") = "MT.UnitTests", "BackEnd\MT.UnitTests\MT.UnitTests.csproj", "{C99EDE44-80F4-4CA9-B26E-64FCF2179C14}"
EndProject
Project("{FAE04EC0-301F-11D3-BF4B-00C04F79EFBC}") = "MT.UI.Tests", "Site\MT.UI.Tests\MT.UI.Tests.csproj", "{7DCD393B-ECAA-43FB-8C12-ADE3359C2DF1}"
EndProject
Project("{2150E333-8FDC-42A3-9474-1A3956D46DE8}") = "Projects", "Projects", "{625830EE-72EE-4263-B82C-A4C94623BE78}"
EndProject
Project("{FAE04EC0-301F-11D3-BF4B-00C04F79EFBC}") = "MT.AppService", "BackEnd\MT.AppService\MT.AppService.csproj", "{AE1D2ED2-7021-4723-A02B-2690825BFE9A}"
EndProject
Project("{FAE04EC0-301F-11D3-BF4B-00C04F79EFBC}") = "MT.Domain", "BackEnd\MT.Domain\MT.Domain.csproj", "{90CAE729-CB34-4649-81F2-C542DA0C11E7}"
EndProject
Project("{FAE04EC0-301F-11D3-BF4B-00C04F79EFBC}") = "MT.Infra.CrossCutting.AspNet", "BackEnd\MT.Infra.CrossCutting.AspNet\MT.Infra.CrossCutting.AspNet.csproj", "{9FE23B9B-931E-4C45-A551-6FAE35119C53}"
EndProject
Project("{FAE04EC0-301F-11D3-BF4B-00C04F79EFBC}") = "MT.Domain.Shared", "BackEnd\MT.Domain.Shared\MT.Domain.Shared.csproj", "{FF7F8568-A585-4909-AC64-73B15140A6E9}"
EndProject
Project("{FAE04EC0-301F-11D3-BF4B-00C04F79EFBC}") = "MT.Infra.CrossCutting.IoC", "BackEnd\MT.Infra.CrossCutting.IoC\MT.Infra.CrossCutting.IoC.csproj", "{38C3A7BC-8DAC-4141-8393-64C1A37B47C8}"
EndProject
Project("{FAE04EC0-301F-11D3-BF4B-00C04F79EFBC}") = "MT.Infra.CrossCutting.Log", "BackEnd\MT.Infra.CrossCutting.Log\MT.Infra.CrossCutting.Log.csproj", "{D876021F-50EA-4462-8724-D77F19D5B5F0}"
EndProject
Project("{FAE04EC0-301F-11D3-BF4B-00C04F79EFBC}") = "MT.Infra.CrossCutting.Seguranca", "BackEnd\MT.Infra.CrossCutting.Seguranca\MT.Infra.CrossCutting.Seguranca.csproj", "{7659352F-C65F-4421-A7F2-A20BFDD36BA2}"
EndProject
Project("{FAE04EC0-301F-11D3-BF4B-00C04F79EFBC}") = "MT.Infra.Data.Migrations", "BackEnd\MT.Infra.Data.Migrations\MT.Infra.Data.Migrations.csproj", "{2B6FBD7C-DC70-4B6B-B63C-4FD014D8C4C8}"
EndProject
Project("{FAE04EC0-301F-11D3-BF4B-00C04F79EFBC}") = "MT.Infra.DataEF", "BackEnd\MT.Infra.DataEF\MT.Infra.DataEF.csproj", "{993BEE1E-E985-42BA-BF47-500AAA7BEA15}"
EndProject
Project("{FAE04EC0-301F-11D3-BF4B-00C04F79EFBC}") = "MT.Infra.Extensions", "BackEnd\MT.Infra.Extensions\MT.Infra.Extensions.csproj", "{315EDAD3-3334-41F1-A9B0-05186E0807DF}"
EndProject
Project("{FAE04EC0-301F-11D3-BF4B-00C04F79EFBC}") = "MT.Service.API", "BackEnd\MT.Service.API\MT.Service.API.csproj", "{F01D2E77-46DC-47AD-9E1C-7AABEF181D9F}"
EndProject
Global
	GlobalSection(SolutionConfigurationPlatforms) = preSolution
		Debug|Any CPU = Debug|Any CPU
		Release|Any CPU = Release|Any CPU
	EndGlobalSection
	GlobalSection(ProjectConfigurationPlatforms) = postSolution
		{C99EDE44-80F4-4CA9-B26E-64FCF2179C14}.Debug|Any CPU.ActiveCfg = Debug|Any CPU
		{C99EDE44-80F4-4CA9-B26E-64FCF2179C14}.Debug|Any CPU.Build.0 = Debug|Any CPU
		{C99EDE44-80F4-4CA9-B26E-64FCF2179C14}.Release|Any CPU.ActiveCfg = Release|Any CPU
		{C99EDE44-80F4-4CA9-B26E-64FCF2179C14}.Release|Any CPU.Build.0 = Release|Any CPU
		{7DCD393B-ECAA-43FB-8C12-ADE3359C2DF1}.Debug|Any CPU.ActiveCfg = Debug|Any CPU
		{7DCD393B-ECAA-43FB-8C12-ADE3359C2DF1}.Debug|Any CPU.Build.0 = Debug|Any CPU
		{7DCD393B-ECAA-43FB-8C12-ADE3359C2DF1}.Release|Any CPU.ActiveCfg = Release|Any CPU
		{7DCD393B-ECAA-43FB-8C12-ADE3359C2DF1}.Release|Any CPU.Build.0 = Release|Any CPU
		{AE1D2ED2-7021-4723-A02B-2690825BFE9A}.Debug|Any CPU.ActiveCfg = Debug|Any CPU
		{AE1D2ED2-7021-4723-A02B-2690825BFE9A}.Debug|Any CPU.Build.0 = Debug|Any CPU
		{AE1D2ED2-7021-4723-A02B-2690825BFE9A}.Release|Any CPU.ActiveCfg = Release|Any CPU
		{AE1D2ED2-7021-4723-A02B-2690825BFE9A}.Release|Any CPU.Build.0 = Release|Any CPU
		{90CAE729-CB34-4649-81F2-C542DA0C11E7}.Debug|Any CPU.ActiveCfg = Debug|Any CPU
		{90CAE729-CB34-4649-81F2-C542DA0C11E7}.Debug|Any CPU.Build.0 = Debug|Any CPU
		{90CAE729-CB34-4649-81F2-C542DA0C11E7}.Release|Any CPU.ActiveCfg = Release|Any CPU
		{90CAE729-CB34-4649-81F2-C542DA0C11E7}.Release|Any CPU.Build.0 = Release|Any CPU
		{9FE23B9B-931E-4C45-A551-6FAE35119C53}.Debug|Any CPU.ActiveCfg = Debug|Any CPU
		{9FE23B9B-931E-4C45-A551-6FAE35119C53}.Debug|Any CPU.Build.0 = Debug|Any CPU
		{9FE23B9B-931E-4C45-A551-6FAE35119C53}.Release|Any CPU.ActiveCfg = Release|Any CPU
		{9FE23B9B-931E-4C45-A551-6FAE35119C53}.Release|Any CPU.Build.0 = Release|Any CPU
		{FF7F8568-A585-4909-AC64-73B15140A6E9}.Debug|Any CPU.ActiveCfg = Debug|Any CPU
		{FF7F8568-A585-4909-AC64-73B15140A6E9}.Debug|Any CPU.Build.0 = Debug|Any CPU
		{FF7F8568-A585-4909-AC64-73B15140A6E9}.Release|Any CPU.ActiveCfg = Release|Any CPU
		{FF7F8568-A585-4909-AC64-73B15140A6E9}.Release|Any CPU.Build.0 = Release|Any CPU
		{38C3A7BC-8DAC-4141-8393-64C1A37B47C8}.Debug|Any CPU.ActiveCfg = Debug|Any CPU
		{38C3A7BC-8DAC-4141-8393-64C1A37B47C8}.Debug|Any CPU.Build.0 = Debug|Any CPU
		{38C3A7BC-8DAC-4141-8393-64C1A37B47C8}.Release|Any CPU.ActiveCfg = Release|Any CPU
		{38C3A7BC-8DAC-4141-8393-64C1A37B47C8}.Release|Any CPU.Build.0 = Release|Any CPU
		{D876021F-50EA-4462-8724-D77F19D5B5F0}.Debug|Any CPU.ActiveCfg = Debug|Any CPU
		{D876021F-50EA-4462-8724-D77F19D5B5F0}.Debug|Any CPU.Build.0 = Debug|Any CPU
		{D876021F-50EA-4462-8724-D77F19D5B5F0}.Release|Any CPU.ActiveCfg = Release|Any CPU
		{D876021F-50EA-4462-8724-D77F19D5B5F0}.Release|Any CPU.Build.0 = Release|Any CPU
		{7659352F-C65F-4421-A7F2-A20BFDD36BA2}.Debug|Any CPU.ActiveCfg = Debug|Any CPU
		{7659352F-C65F-4421-A7F2-A20BFDD36BA2}.Debug|Any CPU.Build.0 = Debug|Any CPU
		{7659352F-C65F-4421-A7F2-A20BFDD36BA2}.Release|Any CPU.ActiveCfg = Release|Any CPU
		{7659352F-C65F-4421-A7F2-A20BFDD36BA2}.Release|Any CPU.Build.0 = Release|Any CPU
		{2B6FBD7C-DC70-4B6B-B63C-4FD014D8C4C8}.Debug|Any CPU.ActiveCfg = Debug|Any CPU
		{2B6FBD7C-DC70-4B6B-B63C-4FD014D8C4C8}.Debug|Any CPU.Build.0 = Debug|Any CPU
		{2B6FBD7C-DC70-4B6B-B63C-4FD014D8C4C8}.Release|Any CPU.ActiveCfg = Release|Any CPU
		{2B6FBD7C-DC70-4B6B-B63C-4FD014D8C4C8}.Release|Any CPU.Build.0 = Release|Any CPU
		{993BEE1E-E985-42BA-BF47-500AAA7BEA15}.Debug|Any CPU.ActiveCfg = Debug|Any CPU
		{993BEE1E-E985-42BA-BF47-500AAA7BEA15}.Debug|Any CPU.Build.0 = Debug|Any CPU
		{993BEE1E-E985-42BA-BF47-500AAA7BEA15}.Release|Any CPU.ActiveCfg = Release|Any CPU
		{993BEE1E-E985-42BA-BF47-500AAA7BEA15}.Release|Any CPU.Build.0 = Release|Any CPU
		{315EDAD3-3334-41F1-A9B0-05186E0807DF}.Debug|Any CPU.ActiveCfg = Debug|Any CPU
		{315EDAD3-3334-41F1-A9B0-05186E0807DF}.Debug|Any CPU.Build.0 = Debug|Any CPU
		{315EDAD3-3334-41F1-A9B0-05186E0807DF}.Release|Any CPU.ActiveCfg = Release|Any CPU
		{315EDAD3-3334-41F1-A9B0-05186E0807DF}.Release|Any CPU.Build.0 = Release|Any CPU
		{F01D2E77-46DC-47AD-9E1C-7AABEF181D9F}.Debug|Any CPU.ActiveCfg = Debug|Any CPU
		{F01D2E77-46DC-47AD-9E1C-7AABEF181D9F}.Debug|Any CPU.Build.0 = Debug|Any CPU
		{F01D2E77-46DC-47AD-9E1C-7AABEF181D9F}.Release|Any CPU.ActiveCfg = Release|Any CPU
		{F01D2E77-46DC-47AD-9E1C-7AABEF181D9F}.Release|Any CPU.Build.0 = Release|Any CPU
	EndGlobalSection
	GlobalSection(SolutionProperties) = preSolution
		HideSolutionNode = FALSE
	EndGlobalSection
	GlobalSection(NestedProjects) = preSolution
		{AE1D2ED2-7021-4723-A02B-2690825BFE9A} = {625830EE-72EE-4263-B82C-A4C94623BE78}
		{90CAE729-CB34-4649-81F2-C542DA0C11E7} = {625830EE-72EE-4263-B82C-A4C94623BE78}
		{9FE23B9B-931E-4C45-A551-6FAE35119C53} = {625830EE-72EE-4263-B82C-A4C94623BE78}
		{FF7F8568-A585-4909-AC64-73B15140A6E9} = {625830EE-72EE-4263-B82C-A4C94623BE78}
		{38C3A7BC-8DAC-4141-8393-64C1A37B47C8} = {625830EE-72EE-4263-B82C-A4C94623BE78}
		{D876021F-50EA-4462-8724-D77F19D5B5F0} = {625830EE-72EE-4263-B82C-A4C94623BE78}
		{7659352F-C65F-4421-A7F2-A20BFDD36BA2} = {625830EE-72EE-4263-B82C-A4C94623BE78}
		{2B6FBD7C-DC70-4B6B-B63C-4FD014D8C4C8} = {625830EE-72EE-4263-B82C-A4C94623BE78}
		{993BEE1E-E985-42BA-BF47-500AAA7BEA15} = {625830EE-72EE-4263-B82C-A4C94623BE78}
		{315EDAD3-3334-41F1-A9B0-05186E0807DF} = {625830EE-72EE-4263-B82C-A4C94623BE78}
		{F01D2E77-46DC-47AD-9E1C-7AABEF181D9F} = {625830EE-72EE-4263-B82C-A4C94623BE78}
	EndGlobalSection
EndGlobal
